
Microsoft Visual Studio Solution File, Format Version 12.00
# Visual Studio Express 2012 for Windows Desktop
Project("{FAE04EC0-301F-11D3-BF4B-00C04F79EFBC}") = "ProjetoCadastro", "ProjetoCadastro\ProjetoCadastro.csproj", "{AF569E63-BB5D-49FE-9CBB-72CE3EA4A5FC}"
EndProject
Global
	GlobalSection(SolutionConfigurationPlatforms) = preSolution
		Debug|Any CPU = Debug|Any CPU
		Release|Any CPU = Release|Any CPU
	EndGlobalSection
	GlobalSection(ProjectConfigurationPlatforms) = postSolution
		{AF569E63-BB5D-49FE-9CBB-72CE3EA4A5FC}.Debug|Any CPU.ActiveCfg = Debug|Any CPU
		{AF569E63-BB5D-49FE-9CBB-72CE3EA4A5FC}.Debug|Any CPU.Build.0 = Debug|Any CPU
		{AF569E63-BB5D-49FE-9CBB-72CE3EA4A5FC}.Release|Any CPU.ActiveCfg = Release|Any CPU
		{AF569E63-BB5D-49FE-9CBB-72CE3EA4A5FC}.Release|Any CPU.Build.0 = Release|Any CPU
	EndGlobalSection
	GlobalSection(SolutionProperties) = preSolution
		HideSolutionNode = FALSE
	EndGlobalSection
EndGlobal
