
Microsoft Visual Studio Solution File, Format Version 12.00
# Visual Studio Express 2012 for Windows Desktop
Project("{FAE04EC0-301F-11D3-BF4B-00C04F79EFBC}") = "While1", "While1\While1.csproj", "{DBECA679-96FE-432F-A9C4-BBCA9B7DA766}"
EndProject
Global
	GlobalSection(SolutionConfigurationPlatforms) = preSolution
		Debug|Any CPU = Debug|Any CPU
		Release|Any CPU = Release|Any CPU
	EndGlobalSection
	GlobalSection(ProjectConfigurationPlatforms) = postSolution
		{DBECA679-96FE-432F-A9C4-BBCA9B7DA766}.Debug|Any CPU.ActiveCfg = Debug|Any CPU
		{DBECA679-96FE-432F-A9C4-BBCA9B7DA766}.Debug|Any CPU.Build.0 = Debug|Any CPU
		{DBECA679-96FE-432F-A9C4-BBCA9B7DA766}.Release|Any CPU.ActiveCfg = Release|Any CPU
		{DBECA679-96FE-432F-A9C4-BBCA9B7DA766}.Release|Any CPU.Build.0 = Release|Any CPU
	EndGlobalSection
	GlobalSection(SolutionProperties) = preSolution
		HideSolutionNode = FALSE
	EndGlobalSection
EndGlobal
